
Microsoft Visual Studio Solution File, Format Version 12.00
# Visual Studio Version 16
VisualStudioVersion = 16.0.31205.134
MinimumVisualStudioVersion = 10.0.40219.1
Project("{9A19103F-16F7-4668-BE54-9A1E7A4F7556}") = "Hugin", "Hugin\Hugin.csproj", "{1910A46F-CDB1-45C0-BD59-62C1D1CBD119}"
EndProject
Project("{E53339B2-1760-4266-BCC7-CA923CBCF16C}") = "docker-compose", "docker-compose.dcproj", "{40D88E47-064C-4982-9EB6-B18D89153784}"
EndProject
Global
	GlobalSection(SolutionConfigurationPlatforms) = preSolution
		Debug|Any CPU = Debug|Any CPU
		Release|Any CPU = Release|Any CPU
	EndGlobalSection
	GlobalSection(ProjectConfigurationPlatforms) = postSolution
		{1910A46F-CDB1-45C0-BD59-62C1D1CBD119}.Debug|Any CPU.ActiveCfg = Debug|Any CPU
		{1910A46F-CDB1-45C0-BD59-62C1D1CBD119}.Debug|Any CPU.Build.0 = Debug|Any CPU
		{1910A46F-CDB1-45C0-BD59-62C1D1CBD119}.Release|Any CPU.ActiveCfg = Release|Any CPU
		{1910A46F-CDB1-45C0-BD59-62C1D1CBD119}.Release|Any CPU.Build.0 = Release|Any CPU
		{40D88E47-064C-4982-9EB6-B18D89153784}.Debug|Any CPU.ActiveCfg = Debug|Any CPU
		{40D88E47-064C-4982-9EB6-B18D89153784}.Debug|Any CPU.Build.0 = Debug|Any CPU
		{40D88E47-064C-4982-9EB6-B18D89153784}.Release|Any CPU.ActiveCfg = Release|Any CPU
		{40D88E47-064C-4982-9EB6-B18D89153784}.Release|Any CPU.Build.0 = Release|Any CPU
	EndGlobalSection
	GlobalSection(SolutionProperties) = preSolution
		HideSolutionNode = FALSE
	EndGlobalSection
	GlobalSection(ExtensibilityGlobals) = postSolution
		SolutionGuid = {341C2883-F9ED-4597-9F99-3DA7F515B1FE}
	EndGlobalSection
EndGlobal
